<?xml version="1.0" encoding="utf-8"?>
<Project ToolsVersion="4.0" xmlns="http://schemas.microsoft.com/developer/msbuild/2003">
  <ItemGroup>
    <Filter Include="Resource Files">
      <UniqueIdentifier>{67DA6AB6-F800-4c08-8B7A-83BB121AAD01}</UniqueIdentifier>
      <Extensions>rc;ico;cur;bmp;dlg;rc2;rct;bin;rgs;gif;jpg;jpeg;jpe;resx;tiff;tif;png;wav;mfcribbon-ms</Extensions>
    </Filter>
    <Filter Include="Common">
      <UniqueIdentifier>{6a885e4d-e075-461e-bfae-f0cc088d207b}</UniqueIdentifier>
    </Filter>
    <Filter Include="Console">
      <UniqueIdentifier>{225f4b43-b2ed-4b19-af6a-ae2c0ffefe11}</UniqueIdentifier>
    </Filter>
    <Filter Include="Precompiled">
      <UniqueIdentifier>{00ca9eba-a2d1-4c21-9708-bfeb863c71da}</UniqueIdentifier>
    </Filter>
    <Filter Include="Main">
      <UniqueIdentifier>{bf8a1219-6f13-49ce-a65f-19bd3a656a63}</UniqueIdentifier>
    </Filter>
    <Filter Include="Vertex">
      <UniqueIdentifier>{592f918c-6420-4acc-a6b2-d90da66f4c75}</UniqueIdentifier>
    </Filter>
    <Filter Include="FX">
      <UniqueIdentifier>{1747e095-dbd9-4589-8f6b-085f8adee1bb}</UniqueIdentifier>
    </Filter>
  </ItemGroup>
  <ItemGroup>
    <ClCompile Include="SourceCode\Init Direct3D.cpp">
      <Filter>Main</Filter>
    </ClCompile>
    <ClCompile Include="SourceCode\Console.cpp">
      <Filter>Console</Filter>
    </ClCompile>
    <ClCompile Include="SourceCode\Precompiled.cpp">
      <Filter>Precompiled</Filter>
    </ClCompile>
    <ClCompile Include="SourceCode\d3dApp.cpp">
      <Filter>Common</Filter>
    </ClCompile>
    <ClCompile Include="SourceCode\d3dUtil.cpp">
      <Filter>Common</Filter>
    </ClCompile>
    <ClCompile Include="SourceCode\GameTimer.cpp">
      <Filter>Common</Filter>
    </ClCompile>
  </ItemGroup>
  <ItemGroup>
    <ClInclude Include="SourceCode\Console.h">
      <Filter>Console</Filter>
    </ClInclude>
    <ClInclude Include="SourceCode\Precompiled.h">
      <Filter>Precompiled</Filter>
    </ClInclude>
    <ClInclude Include="SourceCode\GameTimer.h">
      <Filter>Common</Filter>
    </ClInclude>
    <ClInclude Include="SourceCode\d3dApp.h">
      <Filter>Common</Filter>
    </ClInclude>
    <ClInclude Include="SourceCode\d3dUtil.h">
      <Filter>Common</Filter>
    </ClInclude>
  </ItemGroup>
  <ItemGroup>
    <None Include="FX\color.fx">
      <Filter>FX</Filter>
    </None>
  </ItemGroup>
</Project>